
Microsoft Visual Studio Solution File, Format Version 12.00
# Visual Studio 14
VisualStudioVersion = 14.0.25420.1
MinimumVisualStudioVersion = 10.0.40219.1
Project("{FAE04EC0-301F-11D3-BF4B-00C04F79EFBC}") = "NOISE_APP", "NOISE_APP\NOISE_APP.csproj", "{490E1039-5FDD-45C2-9523-5065BA3D29D2}"
EndProject
Project("{FAE04EC0-301F-11D3-BF4B-00C04F79EFBC}") = "Noise.Common.GIS", "Noise.Common.GIS\Noise.Common.GIS.csproj", "{DB3B8C11-485B-4CCC-A410-C51F87F519C9}"
EndProject
Project("{2150E333-8FDC-42A3-9474-1A3956D46DE8}") = "Noise.FrameWork", "Noise.FrameWork", "{DBB4D148-EF8C-4AB4-90FC-E5DA4CA6A411}"
EndProject
Project("{FAE04EC0-301F-11D3-BF4B-00C04F79EFBC}") = "FrameWork.Core", "Noise.FrameWork\FrameWork.Core\FrameWork.Core.csproj", "{41A91B6A-AC0C-4066-895C-D9817D6C513F}"
EndProject
Project("{FAE04EC0-301F-11D3-BF4B-00C04F79EFBC}") = "FrameWork.Data", "Noise.FrameWork\FrameWork.Data\FrameWork.Data.csproj", "{287FB5F4-C21D-4A80-BE63-DCB538A68D1A}"
EndProject
Project("{FAE04EC0-301F-11D3-BF4B-00C04F79EFBC}") = "FrameWork", "Noise.FrameWork\FrameWork\FrameWork.csproj", "{485847F3-6BEC-4C53-B8A1-1C2A952162DD}"
EndProject
Project("{FAE04EC0-301F-11D3-BF4B-00C04F79EFBC}") = "FrameWork.Map", "Noise.FrameWork\FrameWork.Map\FrameWork.Map.csproj", "{FFAF0517-2FFD-4549-A273-B64C0387697B}"
EndProject
Global
	GlobalSection(SolutionConfigurationPlatforms) = preSolution
		Debug|Any CPU = Debug|Any CPU
		Release|Any CPU = Release|Any CPU
	EndGlobalSection
	GlobalSection(ProjectConfigurationPlatforms) = postSolution
		{490E1039-5FDD-45C2-9523-5065BA3D29D2}.Debug|Any CPU.ActiveCfg = Debug|Any CPU
		{490E1039-5FDD-45C2-9523-5065BA3D29D2}.Debug|Any CPU.Build.0 = Debug|Any CPU
		{490E1039-5FDD-45C2-9523-5065BA3D29D2}.Release|Any CPU.ActiveCfg = Release|Any CPU
		{490E1039-5FDD-45C2-9523-5065BA3D29D2}.Release|Any CPU.Build.0 = Release|Any CPU
		{DB3B8C11-485B-4CCC-A410-C51F87F519C9}.Debug|Any CPU.ActiveCfg = Debug|Any CPU
		{DB3B8C11-485B-4CCC-A410-C51F87F519C9}.Debug|Any CPU.Build.0 = Debug|Any CPU
		{DB3B8C11-485B-4CCC-A410-C51F87F519C9}.Release|Any CPU.ActiveCfg = Release|Any CPU
		{DB3B8C11-485B-4CCC-A410-C51F87F519C9}.Release|Any CPU.Build.0 = Release|Any CPU
		{41A91B6A-AC0C-4066-895C-D9817D6C513F}.Debug|Any CPU.ActiveCfg = Debug|Any CPU
		{41A91B6A-AC0C-4066-895C-D9817D6C513F}.Debug|Any CPU.Build.0 = Debug|Any CPU
		{41A91B6A-AC0C-4066-895C-D9817D6C513F}.Release|Any CPU.ActiveCfg = Release|Any CPU
		{41A91B6A-AC0C-4066-895C-D9817D6C513F}.Release|Any CPU.Build.0 = Release|Any CPU
		{287FB5F4-C21D-4A80-BE63-DCB538A68D1A}.Debug|Any CPU.ActiveCfg = Debug|Any CPU
		{287FB5F4-C21D-4A80-BE63-DCB538A68D1A}.Debug|Any CPU.Build.0 = Debug|Any CPU
		{287FB5F4-C21D-4A80-BE63-DCB538A68D1A}.Release|Any CPU.ActiveCfg = Release|Any CPU
		{287FB5F4-C21D-4A80-BE63-DCB538A68D1A}.Release|Any CPU.Build.0 = Release|Any CPU
		{485847F3-6BEC-4C53-B8A1-1C2A952162DD}.Debug|Any CPU.ActiveCfg = Debug|Any CPU
		{485847F3-6BEC-4C53-B8A1-1C2A952162DD}.Debug|Any CPU.Build.0 = Debug|Any CPU
		{485847F3-6BEC-4C53-B8A1-1C2A952162DD}.Release|Any CPU.ActiveCfg = Release|Any CPU
		{485847F3-6BEC-4C53-B8A1-1C2A952162DD}.Release|Any CPU.Build.0 = Release|Any CPU
		{FFAF0517-2FFD-4549-A273-B64C0387697B}.Debug|Any CPU.ActiveCfg = Debug|Any CPU
		{FFAF0517-2FFD-4549-A273-B64C0387697B}.Debug|Any CPU.Build.0 = Debug|Any CPU
		{FFAF0517-2FFD-4549-A273-B64C0387697B}.Release|Any CPU.ActiveCfg = Release|Any CPU
		{FFAF0517-2FFD-4549-A273-B64C0387697B}.Release|Any CPU.Build.0 = Release|Any CPU
	EndGlobalSection
	GlobalSection(SolutionProperties) = preSolution
		HideSolutionNode = FALSE
	EndGlobalSection
	GlobalSection(NestedProjects) = preSolution
		{41A91B6A-AC0C-4066-895C-D9817D6C513F} = {DBB4D148-EF8C-4AB4-90FC-E5DA4CA6A411}
		{287FB5F4-C21D-4A80-BE63-DCB538A68D1A} = {DBB4D148-EF8C-4AB4-90FC-E5DA4CA6A411}
		{485847F3-6BEC-4C53-B8A1-1C2A952162DD} = {DBB4D148-EF8C-4AB4-90FC-E5DA4CA6A411}
		{FFAF0517-2FFD-4549-A273-B64C0387697B} = {DBB4D148-EF8C-4AB4-90FC-E5DA4CA6A411}
	EndGlobalSection
EndGlobal
